
Microsoft Visual Studio Solution File, Format Version 12.00
# Visual Studio Version 16
VisualStudioVersion = 16.0.29306.81
MinimumVisualStudioVersion = 10.0.40219.1
Project("{FAE04EC0-301F-11D3-BF4B-00C04F79EFBC}") = "ConsoleApp1", "ConsoleApp1\ConsoleApp1.csproj", "{9BC1E1D4-ED6D-4EC9-BB87-6C2B2E27006B}"
EndProject
Global
	GlobalSection(SolutionConfigurationPlatforms) = preSolution
		Debug|Any CPU = Debug|Any CPU
		Release|Any CPU = Release|Any CPU
	EndGlobalSection
	GlobalSection(ProjectConfigurationPlatforms) = postSolution
		{9BC1E1D4-ED6D-4EC9-BB87-6C2B2E27006B}.Debug|Any CPU.ActiveCfg = Debug|Any CPU
		{9BC1E1D4-ED6D-4EC9-BB87-6C2B2E27006B}.Debug|Any CPU.Build.0 = Debug|Any CPU
		{9BC1E1D4-ED6D-4EC9-BB87-6C2B2E27006B}.Release|Any CPU.ActiveCfg = Release|Any CPU
		{9BC1E1D4-ED6D-4EC9-BB87-6C2B2E27006B}.Release|Any CPU.Build.0 = Release|Any CPU
	EndGlobalSection
	GlobalSection(SolutionProperties) = preSolution
		HideSolutionNode = FALSE
	EndGlobalSection
	GlobalSection(ExtensibilityGlobals) = postSolution
		SolutionGuid = {D9C630BF-D4AA-42DD-85CD-7E1FCE248137}
	EndGlobalSection
EndGlobal
